github.com/FatmanUK/fatgo/docopt_helpers v0.0.0-20260423230453-42bf935d2be0 h1:mEON1Rd0+D5oceTeOpewi6Q3JFVJKZcAUIGvd3o3fWg=
github.com/FatmanUK/fatgo/docopt_helpers v0.0.0-20260423230453-42bf935d2be0/go.mod h1:GMAnP7Z32VM/oug2uq6whw1d9w5CVDIcO3EZiS5gPik=
github.com/docopt/docopt-go v0.0.0-20180111231733-ee0de3bc6815 h1:bWDMxwH3px2JBh6AyO7hdCn/PkvCZXii8TGj7sbtEbQ=
github.com/docopt/docopt-go v0.0.0-20180111231733-ee0de3bc6815/go.mod h1:WwZ+bS3ebgob9U8Nd0kOddGdZWjyMGR8Wziv+TBNwSE=
